<?xml version="1.0" encoding="utf-8"?>
<Project ToolsVersion="14.0" xmlns="http://schemas.microsoft.com/developer/msbuild/2003">
  <ItemGroup>
    <Filter Include="Common">
      <UniqueIdentifier>fd16e2ad-a0ae-4b04-9524-4f689351352f</UniqueIdentifier>
    </Filter>
    <Filter Include="Assets">
      <UniqueIdentifier>66522ed9-beca-4f72-bfda-e3e296649152</UniqueIdentifier>
      <Extensions>bmp;fbx;gif;jpg;jpeg;tga;tiff;tif;png</Extensions>
    </Filter>
    <Filter Include="v7">
      <UniqueIdentifier>{f8ac8e67-3d2b-491a-b99e-a6a562e23397}</UniqueIdentifier>
    </Filter>
  </ItemGroup>
  <ItemGroup>
    <ApplicationDefinition Include="App.xaml" />
  </ItemGroup>
  <ItemGroup>
    <ClCompile Include="App.xaml.cpp" />
    <ClCompile Include="MainPage.xaml.cpp" />
    <ClCompile Include="pch.cpp" />
    <ClCompile Include="SearchPage.xaml.cpp" />
    <ClCompile Include="PlayerPage.xaml.cpp" />
    <ClCompile Include="YoutubeExtractor.cpp" />
    <ClCompile Include="YouTubeSignatureDecrypt.cpp" />
    <ClCompile Include="tools_http.cpp" />
    <ClCompile Include="..\..\..\Libraries\v7\v7.c">
      <Filter>v7</Filter>
    </ClCompile>
    <ClCompile Include="YoutubeSearch.cpp" />
    <ClCompile Include="YoutubeItemData.cpp" />
  </ItemGroup>
  <ItemGroup>
    <ClInclude Include="pch.h" />
    <ClInclude Include="App.xaml.h" />
    <ClInclude Include="MainPage.xaml.h" />
    <ClInclude Include="SearchPage.xaml.h" />
    <ClInclude Include="PlayerPage.xaml.h" />
    <ClInclude Include="YoutubeExtractor.h" />
    <ClInclude Include="YouTubeSignatureDecrypt.h" />
    <ClInclude Include="tools_http.h" />
    <ClInclude Include="..\..\..\Libraries\v7\v7.h">
      <Filter>v7</Filter>
    </ClInclude>
    <ClInclude Include="YoutubeSearch.h" />
    <ClInclude Include="YoutubeItemData.h" />
  </ItemGroup>
  <ItemGroup>
    <Image Include="Assets\LockScreenLogo.scale-200.png">
      <Filter>Assets</Filter>
    </Image>
    <Image Include="Assets\SplashScreen.scale-200.png">
      <Filter>Assets</Filter>
    </Image>
    <Image Include="Assets\Square150x150Logo.scale-200.png">
      <Filter>Assets</Filter>
    </Image>
    <Image Include="Assets\Square44x44Logo.scale-200.png">
      <Filter>Assets</Filter>
    </Image>
    <Image Include="Assets\Square44x44Logo.targetsize-24_altform-unplated.png">
      <Filter>Assets</Filter>
    </Image>
    <Image Include="Assets\StoreLogo.png">
      <Filter>Assets</Filter>
    </Image>
    <Image Include="Assets\Wide310x150Logo.scale-200.png">
      <Filter>Assets</Filter>
    </Image>
  </ItemGroup>
  <ItemGroup>
    <AppxManifest Include="Package.appxmanifest" />
  </ItemGroup>
  <ItemGroup>
    <None Include="youtube_backgrounder_TemporaryKey.pfx" />
  </ItemGroup>
  <ItemGroup>
    <Page Include="MainPage.xaml" />
    <Page Include="SplitViewStyles.xaml" />
    <Page Include="SearchPage.xaml" />
    <Page Include="PlayerPage.xaml" />
    <Page Include="AppColorSchemes.xaml" />
  </ItemGroup>
</Project>